
Microsoft Visual Studio Solution File, Format Version 12.00
# Visual Studio Version 16
VisualStudioVersion = 16.0.30907.101
MinimumVisualStudioVersion = 10.0.40219.1
Project("{FAE04EC0-301F-11D3-BF4B-00C04F79EFBC}") = "Blazor", "Blazor\Blazor.csproj", "{D9C3EBAD-303F-4EA6-A1CB-1C628AC36DBB}"
EndProject
Global
	GlobalSection(SolutionConfigurationPlatforms) = preSolution
		Debug|Any CPU = Debug|Any CPU
		Release|Any CPU = Release|Any CPU
	EndGlobalSection
	GlobalSection(ProjectConfigurationPlatforms) = postSolution
		{D9C3EBAD-303F-4EA6-A1CB-1C628AC36DBB}.Debug|Any CPU.ActiveCfg = Debug|Any CPU
		{D9C3EBAD-303F-4EA6-A1CB-1C628AC36DBB}.Debug|Any CPU.Build.0 = Debug|Any CPU
		{D9C3EBAD-303F-4EA6-A1CB-1C628AC36DBB}.Release|Any CPU.ActiveCfg = Release|Any CPU
		{D9C3EBAD-303F-4EA6-A1CB-1C628AC36DBB}.Release|Any CPU.Build.0 = Release|Any CPU
	EndGlobalSection
	GlobalSection(SolutionProperties) = preSolution
		HideSolutionNode = FALSE
	EndGlobalSection
	GlobalSection(ExtensibilityGlobals) = postSolution
		SolutionGuid = {1B6FDAE6-79C0-44F2-910C-E8560ADDA515}
	EndGlobalSection
EndGlobal
